
Microsoft Visual Studio Solution File, Format Version 12.00
# Visual Studio Version 17
VisualStudioVersion = 17.10.35013.160
MinimumVisualStudioVersion = 10.0.40219.1
Project("{FAE04EC0-301F-11D3-BF4B-00C04F79EFBC}") = "BlueWaveHotel", "BlueWaveHotel.csproj", "{4B8D0C6E-0303-4952-997A-87E9D9825053}"
EndProject
Project("{FAE04EC0-301F-11D3-BF4B-00C04F79EFBC}") = "BlueWaveHotel.Entities", "..\BlueWaveHotel.Entities\BlueWaveHotel.Entities.csproj", "{4131FF50-5A27-4295-AD5C-E14901F3D12F}"
EndProject
Project("{FAE04EC0-301F-11D3-BF4B-00C04F79EFBC}") = "BlueWaveHotel.DAL", "..\BlueWaveHotel.DAL\BlueWaveHotel.DAL.csproj", "{BDC3B7E8-22EA-4227-B63A-60BF0F4B70B0}"
EndProject
Project("{FAE04EC0-301F-11D3-BF4B-00C04F79EFBC}") = "BlueWaveHotel.BL", "..\BlueWaveHotel.BL\BlueWaveHotel.BL.csproj", "{21F67894-B719-4443-A717-B35400786451}"
EndProject
Global
	GlobalSection(SolutionConfigurationPlatforms) = preSolution
		Debug|Any CPU = Debug|Any CPU
		Release|Any CPU = Release|Any CPU
	EndGlobalSection
	GlobalSection(ProjectConfigurationPlatforms) = postSolution
		{4B8D0C6E-0303-4952-997A-87E9D9825053}.Debug|Any CPU.ActiveCfg = Debug|Any CPU
		{4B8D0C6E-0303-4952-997A-87E9D9825053}.Debug|Any CPU.Build.0 = Debug|Any CPU
		{4B8D0C6E-0303-4952-997A-87E9D9825053}.Release|Any CPU.ActiveCfg = Release|Any CPU
		{4B8D0C6E-0303-4952-997A-87E9D9825053}.Release|Any CPU.Build.0 = Release|Any CPU
		{4131FF50-5A27-4295-AD5C-E14901F3D12F}.Debug|Any CPU.ActiveCfg = Debug|Any CPU
		{4131FF50-5A27-4295-AD5C-E14901F3D12F}.Debug|Any CPU.Build.0 = Debug|Any CPU
		{4131FF50-5A27-4295-AD5C-E14901F3D12F}.Release|Any CPU.ActiveCfg = Release|Any CPU
		{4131FF50-5A27-4295-AD5C-E14901F3D12F}.Release|Any CPU.Build.0 = Release|Any CPU
		{BDC3B7E8-22EA-4227-B63A-60BF0F4B70B0}.Debug|Any CPU.ActiveCfg = Debug|Any CPU
		{BDC3B7E8-22EA-4227-B63A-60BF0F4B70B0}.Debug|Any CPU.Build.0 = Debug|Any CPU
		{BDC3B7E8-22EA-4227-B63A-60BF0F4B70B0}.Release|Any CPU.ActiveCfg = Release|Any CPU
		{BDC3B7E8-22EA-4227-B63A-60BF0F4B70B0}.Release|Any CPU.Build.0 = Release|Any CPU
		{21F67894-B719-4443-A717-B35400786451}.Debug|Any CPU.ActiveCfg = Debug|Any CPU
		{21F67894-B719-4443-A717-B35400786451}.Debug|Any CPU.Build.0 = Debug|Any CPU
		{21F67894-B719-4443-A717-B35400786451}.Release|Any CPU.ActiveCfg = Release|Any CPU
		{21F67894-B719-4443-A717-B35400786451}.Release|Any CPU.Build.0 = Release|Any CPU
	EndGlobalSection
	GlobalSection(SolutionProperties) = preSolution
		HideSolutionNode = FALSE
	EndGlobalSection
	GlobalSection(ExtensibilityGlobals) = postSolution
		SolutionGuid = {C52C88BB-687B-4DFB-9815-E3D83FBEDC97}
	EndGlobalSection
EndGlobal
